
Microsoft Visual Studio Solution File, Format Version 12.00
Project("{FAE04EC0-301F-11D3-BF4B-00C04F79EFBC}") = "RenovateWebhooks", "RenovateWebhooks\RenovateWebhooks.csproj", "{D8651F03-C9B4-416E-A9A3-31CF6CDD03A6}"
EndProject
Project("{2150E333-8FDC-42A3-9474-1A3956D46DE8}") = "_root", "_root", "{65C1CB01-0635-4408-A14F-11461B28A717}"
	ProjectSection(SolutionItems) = preProject
		Dockerfile = Dockerfile
	EndProjectSection
EndProject
Project("{9A19103F-16F7-4668-BE54-9A1E7A4F7556}") = ".build", ".build\.build.csproj", "{A1057046-76ED-4038-A342-64BC729E3095}"
EndProject
Global
	GlobalSection(SolutionConfigurationPlatforms) = preSolution
		Debug|Any CPU = Debug|Any CPU
		Release|Any CPU = Release|Any CPU
	EndGlobalSection
	GlobalSection(ProjectConfigurationPlatforms) = postSolution
		{A1057046-76ED-4038-A342-64BC729E3095}.Debug|Any CPU.ActiveCfg = Debug|Any CPU
		{A1057046-76ED-4038-A342-64BC729E3095}.Release|Any CPU.ActiveCfg = Release|Any CPU
		{D8651F03-C9B4-416E-A9A3-31CF6CDD03A6}.Debug|Any CPU.ActiveCfg = Debug|Any CPU
		{D8651F03-C9B4-416E-A9A3-31CF6CDD03A6}.Debug|Any CPU.Build.0 = Debug|Any CPU
		{D8651F03-C9B4-416E-A9A3-31CF6CDD03A6}.Release|Any CPU.ActiveCfg = Release|Any CPU
		{D8651F03-C9B4-416E-A9A3-31CF6CDD03A6}.Release|Any CPU.Build.0 = Release|Any CPU
	EndGlobalSection
EndGlobal
